[[dependencies]]
name = "@openzeppelin-contracts"
version = "5.6.1"
url = "https://soldeer-revisions.s3.amazonaws.com/@openzeppelin-contracts/5_6_1_15-03-2026_09:19:50_contracts.zip"
checksum = "a3b6bc661be858c7c27f60a1708cbebe8c71034b4cc1e9fe270d0a05b069352f"
integrity = "bce03af7ada1eee21a7fff393f238bcd7cd75a022a4db55ffb6b0dbb32433d35"

[[dependencies]]
name = "forge-std"
version = "1.16.2"
url = "https://soldeer-revisions.s3.amazonaws.com/forge-std/1_16_2_03-07-2026_07:37:45_forge-std-1.16.zip"
checksum = "405dccc9d60d753f6abc412b4adf0359f4390f65dbadbbb277a12b4946ed8969"
integrity = "5fb4325b60d7d4194bd0481e2f94398cf1d9c6561dd12a66fb2748ef4a68205f"

[[dependencies]]
name = "rain-datacontract"
version = "0.1.9"
url = "https://soldeer-revisions.s3.amazonaws.com/rain-datacontract/0_1_9_25-08-2026_16:34:26_rain.zip"
checksum = "ea3bb9bfd9bd6fd32cc678d2dffafef7ffc62f0dcc752116170105b6649211a1"
integrity = "a76ad2f7efc0359f42bf2106cd57eca3f239e1eb08019f771b67802cebb54eb0"

[[dependencies]]
name = "rain-deploy"
version = "0.1.10"
url = "https://soldeer-revisions.s3.amazonaws.com/rain-deploy/0_1_10_14-09-2026_11:24:34_rain.zip"
checksum = "a8706cc19f6a96f69491e9816e0ec4bd7229bc7f7f541f93c5a51af3b95fb6dd"
integrity = "b3b3fac62525531638135a8d8b731dfe8749e98b28ac5f61a2cd878d30adb047"

[[dependencies]]
name = "rain-extrospection"
version = "0.1.14"
url = "https://soldeer-revisions.s3.amazonaws.com/rain-extrospection/0_1_14_06-09-2026_09:00:43_rain.zip"
checksum = "a9f34937f66c48c8cd15a700ccebc56c25b6a8af32f0b8757fcfa92be8bbfb56"
integrity = "4fda4ce47b006de0619aba0591a00cece86454a5867643d99412bc57790cdce0"

[[dependencies]]
name = "rain-intorastring"
version = "0.1.0"
url = "https://soldeer-revisions.s3.amazonaws.com/rain-intorastring/0_1_0_12-05-2026_19:21:48_rain.zip"
checksum = "6cd4b0e5ea0a7ffc8adef762b3687d180e4c1408ec4ff8bf8d88d5f9712bf5af"
integrity = "cad9d7a463dd388f73b1f2cf85dd212fd46320203f8d39cb0938ffb451295384"

[[dependencies]]
name = "rain-lib-hash"
version = "0.1.0"
url = "https://soldeer-revisions.s3.amazonaws.com/rain-lib-hash/0_1_0_12-05-2026_16:24:56_rain.lib.zip"
checksum = "648f3e38b297dbd3ecb32b82c8b24c322f484e1734eb50fd393bc547c72b59b0"
integrity = "91f5f679a0a27f096fdbc1e41195dd9f42cacfab15735efeb1101cc1b9215b47"

[[dependencies]]
name = "rain-lib-memkv"
version = "0.1.0"
url = "https://soldeer-revisions.s3.amazonaws.com/rain-lib-memkv/0_1_0_12-05-2026_19:04:20_rain.lib.zip"
checksum = "69142c50851359c0b19ba0e59c387623a90debd16fb1c3a907aa2809a6873b1f"
integrity = "f2a63c0466c50cbfb3b3545094890c74dd1116b55fcb738bb631471252cee5b8"

[[dependencies]]
name = "rain-lib-typecast"
version = "0.1.4"
url = "https://soldeer-revisions.s3.amazonaws.com/rain-lib-typecast/0_1_4_21-08-2026_15:46:41_rain.lib.zip"
checksum = "ce1339c0a06de699508247dc882c5aaf715ab4ae67d53336ae72ae88810f5540"
integrity = "eeb92ffe224186151d210137324a69e6154947bf987c18ea8b3233174291ce5c"

[[dependencies]]
name = "rain-math-binary"
version = "0.1.4"
url = "https://soldeer-revisions.s3.amazonaws.com/rain-math-binary/0_1_4_17-08-2026_05:22:01_rain.math.zip"
checksum = "1787eb0bc883c4922deb5e547ecaf0bd0f9a31e99c51f3b11744c3324eb592f6"
integrity = "857d22060d058ec173e88448c2d44f0cb884b2381669d0dbe1d3bebb168715ea"

[[dependencies]]
name = "rain-math-float"
version = "0.2.1"
url = "https://soldeer-revisions.s3.amazonaws.com/rain-math-float/0_2_1_08-09-2026_07:26:32_rain.math.zip"
checksum = "d9433a80d1a546b73e80ba3ccda6e2a88e2986222522a6526173a1a0d5d13bef"
integrity = "c24a336446be885b680026d4e7d937e6d4559997a2cb0ee385f4c9be95990d77"

[[dependencies]]
name = "rain-math-float-deploy"
version = "0.1.2"
url = "https://soldeer-revisions.s3.amazonaws.com/rain-math-float-deploy/0_1_2_09-09-2026_04:42:49_rain.math.float.zip"
checksum = "8aa5a1fd54d85cbaf51e23aad123b7ed85b3ae5df02d0785124cf27f5f4473df"
integrity = "0b67be7c1454da7b0560262fdd1aee7b41f2077c7ebbb8c4e96abc6920376363"

[[dependencies]]
name = "rain-metadata"
version = "0.1.7"
url = "https://soldeer-revisions.s3.amazonaws.com/rain-metadata/0_1_7_21-08-2026_20:06:55_rain.zip"
checksum = "6d5709e3f5f926ad6c260820b423b370d9c1f3fe0ef9d5e0b7d5cca19ed8e85e"
integrity = "176af355c734ef954434b1fc60907b42bda8b55d5cf540eefb87b574f8148b80"

[[dependencies]]
name = "rain-sol-codegen"
version = "0.1.37"
url = "https://soldeer-revisions.s3.amazonaws.com/rain-sol-codegen/0_1_37_25-08-2026_17:26:08_rain.sol.zip"
checksum = "d13ebfc9e769dcd96bf43bd5e0ff9c2894f877949ce5492ae985e70ea10f30b2"
integrity = "0044af31422ea2e98c480e61c7eba091fbe3bd72c6bc9dcddd3b7457aa6d22f4"

[[dependencies]]
name = "rain-solmem"
version = "0.1.28"
url = "https://soldeer-revisions.s3.amazonaws.com/rain-solmem/0_1_28_03-09-2026_07:34:16_rain.zip"
checksum = "3dafbef001edb181683a43c3c295e3f88e2ffcedd751e986562e71e29560c9f0"
integrity = "e7508cd81a998a67118a0fca314d504dc62850d6b535d29c824f696f214e4b23"

[[dependencies]]
name = "rain-string"
version = "0.2.0"
url = "https://soldeer-revisions.s3.amazonaws.com/rain-string/0_2_0_09-05-2026_21:16:31_rain.zip"
checksum = "847b9366128c5dcc5849c6938ae7ac92561ed8185bf304f1b1eb9ef59d77954e"
integrity = "7cb6ee638b59b840ea59e014e2610fdccc30a1593e763590e298314f00700561"

[[dependencies]]
name = "rain-tofu-erc20-decimals"
version = "0.1.1"
url = "https://soldeer-revisions.s3.amazonaws.com/rain-tofu-erc20-decimals/0_1_1_12-05-2026_15:44:19_rain.tofu.zip"
checksum = "2a48a362ac80a85a8792492fcaf943a86a95009a8aeaced3b50554bbed1e5874"
integrity = "9e1fccf893dd0d90aeb445c78f9eee3904bc50287ff1da30b954508f18412cd2"

[[dependencies]]
name = "rainlang"
version = "0.2.6"
url = "https://soldeer-revisions.s3.amazonaws.com/rainlang/0_2_6_14-09-2026_12:37:13_rainlang.zip"
checksum = "7746995b3d636a4200c015364bcd7d904444b952ce5d2aa3787551330ce61955"
integrity = "12abcc719f018dc46a1ef7f973e685687bd17c804c90cfcc39bcb4c2f930843b"

[[dependencies]]
name = "rainlang-interface"
version = "0.2.9"
url = "https://soldeer-revisions.s3.amazonaws.com/rainlang-interface/0_2_9_13-09-2026_19:05:27_rainlang.zip"
checksum = "a5f47c60fe86ba2e7183bcb30c4bac4c86e2c9b5bad1544f3bc04c98cf282d95"
integrity = "f4e56272672f10c3988b1bd354909f4b08f06a62ca46f4a566234020226f7d6b"
